
Microsoft Visual Studio Solution File, Format Version 12.00
# Visual Studio Version 16
VisualStudioVersion = 16.0.32228.343
MinimumVisualStudioVersion = 10.0.40219.1
Project("{2150E333-8FDC-42A3-9474-1A3956D46DE8}") = "Assets", "Assets", "{A00DCE90-84B7-4F9C-8431-850600A737FD}"
EndProject
Project("{2150E333-8FDC-42A3-9474-1A3956D46DE8}") = "Engine", "Engine", "{D83FB1B6-3035-4BAA-B368-60680853F330}"
EndProject
Project("{2150E333-8FDC-42A3-9474-1A3956D46DE8}") = "External", "External", "{F277303F-62A6-4EC3-A9EA-273E589B6DBF}"
EndProject
Project("{2150E333-8FDC-42A3-9474-1A3956D46DE8}") = "Framework", "Framework", "{61948FAA-D072-475A-84DF-2829D3273F60}"
EndProject
Project("{2150E333-8FDC-42A3-9474-1A3956D46DE8}") = "VGP242", "VGP242", "{6FBEC151-C0C2-4F20-A207-E03EF28FF495}"
EndProject
Project("{8BC9CEB8-8B4A-11D0-8D11-00A0C91BC942}") = "Core", "Framework\Core\Core.vcxproj", "{D24DDC53-9A5D-41B6-BDE0-3657E0762058}"
EndProject
Project("{8BC9CEB8-8B4A-11D0-8D11-00A0C91BC942}") = "Input", "Framework\Input\Input.vcxproj", "{3629F01A-6FED-42EB-B308-E9F7F1346EAF}"
EndProject
Project("{8BC9CEB8-8B4A-11D0-8D11-00A0C91BC942}") = "Math", "Framework\Math\Math.vcxproj", "{4E8C6125-F681-4735-B2D4-EB5CEBA61B57}"
EndProject
Project("{8BC9CEB8-8B4A-11D0-8D11-00A0C91BC942}") = "Graphics", "Framework\Graphics\Graphics.vcxproj", "{DC3CC62C-99A6-4D8C-A3A4-4CEB2AC72854}"
EndProject
Project("{8BC9CEB8-8B4A-11D0-8D11-00A0C91BC942}") = "01_HelloWindow", "VGP242\01_HelloWindow\01_HelloWindow.vcxproj", "{45D353B2-8F5C-42F1-8275-FE83CD66A443}"
EndProject
Project("{8BC9CEB8-8B4A-11D0-8D11-00A0C91BC942}") = "WNTRengine", "Engine\WNTRengine.vcxproj", "{1B572444-1CD1-4089-89AE-10C1CEB8F3FB}"
EndProject
Project("{8BC9CEB8-8B4A-11D0-8D11-00A0C91BC942}") = "02_HelloGraphics", "VGP242\02_HelloGraphics\02_HelloGraphics.vcxproj", "{775F4FC7-1A79-4CCA-BE87-DE137FCFE218}"
EndProject
Project("{8BC9CEB8-8B4A-11D0-8D11-00A0C91BC942}") = "03_HelloShapes", "VGP242\03_HelloShapes\03_HelloShapes.vcxproj", "{3AF4C72D-59DF-48D4-811F-B7A93C977AA9}"
EndProject
Project("{8BC9CEB8-8B4A-11D0-8D11-00A0C91BC942}") = "04_HelloCube", "VGP242\04_HelloCube\04_HelloCube.vcxproj", "{3C288F0C-8261-4981-B660-26F4E1881CA3}"
EndProject
Project("{8BC9CEB8-8B4A-11D0-8D11-00A0C91BC942}") = "05_HelloMeshBuilder", "VGP242\05_HelloMeshBuilder\05_HelloMeshBuilder.vcxproj", "{F5608E95-028F-4897-A431-FD9BDBC06035}"
EndProject
Project("{2150E333-8FDC-42A3-9474-1A3956D46DE8}") = "Shader", "Shader", "{8ED6EEBB-FA48-4187-914B-3B482C99A2D5}"
	ProjectSection(SolutionItems) = preProject
		Assets\Shaders\DoNothing.fx = Assets\Shaders\DoNothing.fx
		Assets\Shaders\DoParticle.fx = Assets\Shaders\DoParticle.fx
		Assets\Shaders\DoSomething.fx = Assets\Shaders\DoSomething.fx
		Assets\Shaders\DoTexturing.fx = Assets\Shaders\DoTexturing.fx
		Assets\Shaders\DoTransform.fx = Assets\Shaders\DoTransform.fx
		Assets\Shaders\GaussierBlur.fx = Assets\Shaders\GaussierBlur.fx
		Assets\Shaders\PostProcess.fx = Assets\Shaders\PostProcess.fx
		Assets\Shaders\Shadow.fx = Assets\Shaders\Shadow.fx
		Assets\Shaders\Standard.fx = Assets\Shaders\Standard.fx
		Assets\Shaders\Terrain.fx = Assets\Shaders\Terrain.fx
		Assets\Shaders\TransparentObject.fx = Assets\Shaders\TransparentObject.fx
	EndProjectSection
EndProject
Project("{2150E333-8FDC-42A3-9474-1A3956D46DE8}") = "Texture", "Texture", "{502BAE57-92C2-4288-B9FF-5FA9BA2F9BF8}"
EndProject
Project("{8BC9CEB8-8B4A-11D0-8D11-00A0C91BC942}") = "06_HelloTexture", "VGP242\06_HelloTexture\06_HelloTexture.vcxproj", "{D7E03893-0513-4C0C-AEC1-4B92C77BC33F}"
EndProject
Project("{8BC9CEB8-8B4A-11D0-8D11-00A0C91BC942}") = "DirectXTK_Desktop_2019", "External\DirectXTK\DirectXTK_Desktop_2019.vcxproj", "{E0B52AE7-E160-4D32-BF3F-910B785E5A8E}"
EndProject
Project("{8BC9CEB8-8B4A-11D0-8D11-00A0C91BC942}") = "07_HelloDebug", "VGP242\07_HelloDebug\07_HelloDebug.vcxproj", "{89404C33-D7C9-4026-894A-DEEA6A3DEE2E}"
EndProject
Project("{8BC9CEB8-8B4A-11D0-8D11-00A0C91BC942}") = "ImGui", "External\ImGui\ImGui.vcxproj", "{52D656A2-A2F4-4C54-A3C7-653427BED1E8}"
EndProject
Project("{2150E333-8FDC-42A3-9474-1A3956D46DE8}") = "VGP330", "VGP330", "{AFC3A0DB-9C9F-495D-B893-D057271AF197}"
EndProject
Project("{8BC9CEB8-8B4A-11D0-8D11-00A0C91BC942}") = "08_HelloLighting", "VGP330\08_HelloLighting\08_HelloLighting.vcxproj", "{96A43C69-BAB4-4140-B5F5-9A66E8FDE049}"
EndProject
Project("{2150E333-8FDC-42A3-9474-1A3956D46DE8}") = "Tools", "Tools", "{50B8CF01-9A67-4267-ABFF-E911816DFE46}"
	ProjectSection(SolutionItems) = preProject
		Tools\ModelImporter\commands.txt = Tools\ModelImporter\commands.txt
	EndProjectSection
EndProject
Project("{8BC9CEB8-8B4A-11D0-8D11-00A0C91BC942}") = "ModelImporter", "Tools\ModelImporter\ModelImporter.vcxproj", "{06D45AE0-C71F-4D2A-B9BC-942CE873B3AC}"
EndProject
Project("{8BC9CEB8-8B4A-11D0-8D11-00A0C91BC942}") = "09_HelloModel", "VGP330\09_HelloModel\09_HelloModel.vcxproj", "{B62D0D1E-5038-4F1D-A50E-6046F9FAB2CC}"
EndProject
Project("{8BC9CEB8-8B4A-11D0-8D11-00A0C91BC942}") = "10_HelloPostProcessing", "VGP330\10_HelloPostProcessing\10_HelloPostProcessing.vcxproj", "{F298222B-DBAB-425C-82D0-12A655A8FCE6}"
EndProject
Project("{8BC9CEB8-8B4A-11D0-8D11-00A0C91BC942}") = "11_HelloShadow", "VGP330\11_HelloShadow\11_HelloShadow.vcxproj", "{378DF318-F438-4473-A874-33AE9B0E2CD4}"
EndProject
Project("{8BC9CEB8-8B4A-11D0-8D11-00A0C91BC942}") = "12_HelloGaussianBlur", "VGP330\12_HelloGaussianBlur\12_HelloGaussianBlur.vcxproj", "{AB2D2476-09F2-4E9B-8358-F97DE04BBE2E}"
EndProject
Project("{8BC9CEB8-8B4A-11D0-8D11-00A0C91BC942}") = "13_HelloTerrain", "VGP330\13_HelloTerrain\13_HelloTerrain.vcxproj", "{899212F1-0C10-486C-85CB-0DD9CC7EEA4F}"
EndProject
Project("{8BC9CEB8-8B4A-11D0-8D11-00A0C91BC942}") = "HelloFinal", "VGP330\14_HelloFinal\14_HelloFinal.vcxproj", "{93206EBF-122A-40B3-9A9D-1CD85F6BFCED}"
EndProject
Project("{2150E333-8FDC-42A3-9474-1A3956D46DE8}") = "VGP334", "VGP334", "{6FBBD8B3-F4BD-484B-9AEE-DF1F3F1B1598}"
EndProject
Project("{8BC9CEB8-8B4A-11D0-8D11-00A0C91BC942}") = "14_HelloQuaternion", "VGP334\14_HelloQuaternion\14_HelloQuaternion.vcxproj", "{C0AA5BA2-38CE-4B17-A619-F30B68D6F592}"
EndProject
Project("{8BC9CEB8-8B4A-11D0-8D11-00A0C91BC942}") = "15_HelloAnimation", "VGP334\15_HelloAnimation\15_HelloAnimation.vcxproj", "{5072446C-9BCB-472F-B55B-4747EA8F444B}"
EndProject
Project("{8BC9CEB8-8B4A-11D0-8D11-00A0C91BC942}") = "16_HelloSkeleton", "VGP334\16_HelloSkeleton\16_HelloSkeleton.vcxproj", "{F581FA2C-7DB2-48E8-9B1B-5924D7D8DC6A}"
EndProject
Project("{8BC9CEB8-8B4A-11D0-8D11-00A0C91BC942}") = "17_HelloSkeletonAnimation", "VGP334\17_HelloSkeletonAnimation\17_HelloSkeletonAnimation.vcxproj", "{C6C20084-BB41-4173-8FC9-7B7F4C6F0657}"
EndProject
Project("{8BC9CEB8-8B4A-11D0-8D11-00A0C91BC942}") = "Bullet", "External\Bullet\Bullet.vcxproj", "{516192EB-788A-4FE7-B2B7-2EF9AC036B12}"
EndProject
Project("{8BC9CEB8-8B4A-11D0-8D11-00A0C91BC942}") = "Physics", "Framework\Physics\Physics.vcxproj", "{63A2AA39-EB90-479E-983D-AB560E0D85E8}"
EndProject
Project("{8BC9CEB8-8B4A-11D0-8D11-00A0C91BC942}") = "18_HelloPhysicsAnimation", "VGP334\18_HelloPhysicsAnimation\18_HelloPhysicsAnimation.vcxproj", "{67E8ABF9-B224-48AD-9DDE-7D5B9ECB0B35}"
EndProject
Project("{8BC9CEB8-8B4A-11D0-8D11-00A0C91BC942}") = "19_HelloParticles", "VGP334\19_HelloParticles\19_HelloParticles.vcxproj", "{ACB34193-C667-47A3-8E26-717B24532A03}"
EndProject
Project("{8BC9CEB8-8B4A-11D0-8D11-00A0C91BC942}") = "20_HelloSoftBody", "VGP334\20_HelloSoftBody\20_HelloSoftBody.vcxproj", "{0D3BA0A4-3294-45D4-ABAC-A1AC6E9341E3}"
EndProject
Project("{8BC9CEB8-8B4A-11D0-8D11-00A0C91BC942}") = "Hello VGP334 Final", "VGP334\Hello VGP334 Final\Hello VGP334 Final.vcxproj", "{FFB06A99-4CBF-4112-ADC4-C1084473C86D}"
EndProject
Global
	GlobalSection(SolutionConfigurationPlatforms) = preSolution
		Debug|x64 = Debug|x64
		Debug|x86 = Debug|x86
		Release|x64 = Release|x64
		Release|x86 = Release|x86
	EndGlobalSection
	GlobalSection(ProjectConfigurationPlatforms) = postSolution
		{D24DDC53-9A5D-41B6-BDE0-3657E0762058}.Debug|x64.ActiveCfg = Debug|x64
		{D24DDC53-9A5D-41B6-BDE0-3657E0762058}.Debug|x64.Build.0 = Debug|x64
		{D24DDC53-9A5D-41B6-BDE0-3657E0762058}.Debug|x86.ActiveCfg = Debug|Win32
		{D24DDC53-9A5D-41B6-BDE0-3657E0762058}.Debug|x86.Build.0 = Debug|Win32
		{D24DDC53-9A5D-41B6-BDE0-3657E0762058}.Release|x64.ActiveCfg = Release|x64
		{D24DDC53-9A5D-41B6-BDE0-3657E0762058}.Release|x64.Build.0 = Release|x64
		{D24DDC53-9A5D-41B6-BDE0-3657E0762058}.Release|x86.ActiveCfg = Release|Win32
		{D24DDC53-9A5D-41B6-BDE0-3657E0762058}.Release|x86.Build.0 = Release|Win32
		{3629F01A-6FED-42EB-B308-E9F7F1346EAF}.Debug|x64.ActiveCfg = Debug|x64
		{3629F01A-6FED-42EB-B308-E9F7F1346EAF}.Debug|x64.Build.0 = Debug|x64
		{3629F01A-6FED-42EB-B308-E9F7F1346EAF}.Debug|x86.ActiveCfg = Debug|Win32
		{3629F01A-6FED-42EB-B308-E9F7F1346EAF}.Debug|x86.Build.0 = Debug|Win32
		{3629F01A-6FED-42EB-B308-E9F7F1346EAF}.Release|x64.ActiveCfg = Release|x64
		{3629F01A-6FED-42EB-B308-E9F7F1346EAF}.Release|x64.Build.0 = Release|x64
		{3629F01A-6FED-42EB-B308-E9F7F1346EAF}.Release|x86.ActiveCfg = Release|Win32
		{3629F01A-6FED-42EB-B308-E9F7F1346EAF}.Release|x86.Build.0 = Release|Win32
		{4E8C6125-F681-4735-B2D4-EB5CEBA61B57}.Debug|x64.ActiveCfg = Debug|x64
		{4E8C6125-F681-4735-B2D4-EB5CEBA61B57}.Debug|x64.Build.0 = Debug|x64
		{4E8C6125-F681-4735-B2D4-EB5CEBA61B57}.Debug|x86.ActiveCfg = Debug|Win32
		{4E8C6125-F681-4735-B2D4-EB5CEBA61B57}.Debug|x86.Build.0 = Debug|Win32
		{4E8C6125-F681-4735-B2D4-EB5CEBA61B57}.Release|x64.ActiveCfg = Release|x64
		{4E8C6125-F681-4735-B2D4-EB5CEBA61B57}.Release|x64.Build.0 = Release|x64
		{4E8C6125-F681-4735-B2D4-EB5CEBA61B57}.Release|x86.ActiveCfg = Release|Win32
		{4E8C6125-F681-4735-B2D4-EB5CEBA61B57}.Release|x86.Build.0 = Release|Win32
		{DC3CC62C-99A6-4D8C-A3A4-4CEB2AC72854}.Debug|x64.ActiveCfg = Debug|x64
		{DC3CC62C-99A6-4D8C-A3A4-4CEB2AC72854}.Debug|x64.Build.0 = Debug|x64
		{DC3CC62C-99A6-4D8C-A3A4-4CEB2AC72854}.Debug|x86.ActiveCfg = Debug|Win32
		{DC3CC62C-99A6-4D8C-A3A4-4CEB2AC72854}.Debug|x86.Build.0 = Debug|Win32
		{DC3CC62C-99A6-4D8C-A3A4-4CEB2AC72854}.Release|x64.ActiveCfg = Release|x64
		{DC3CC62C-99A6-4D8C-A3A4-4CEB2AC72854}.Release|x64.Build.0 = Release|x64
		{DC3CC62C-99A6-4D8C-A3A4-4CEB2AC72854}.Release|x86.ActiveCfg = Release|Win32
		{DC3CC62C-99A6-4D8C-A3A4-4CEB2AC72854}.Release|x86.Build.0 = Release|Win32
		{45D353B2-8F5C-42F1-8275-FE83CD66A443}.Debug|x64.ActiveCfg = Debug|x64
		{45D353B2-8F5C-42F1-8275-FE83CD66A443}.Debug|x64.Build.0 = Debug|x64
		{45D353B2-8F5C-42F1-8275-FE83CD66A443}.Debug|x86.ActiveCfg = Debug|Win32
		{45D353B2-8F5C-42F1-8275-FE83CD66A443}.Debug|x86.Build.0 = Debug|Win32
		{45D353B2-8F5C-42F1-8275-FE83CD66A443}.Release|x64.ActiveCfg = Release|x64
		{45D353B2-8F5C-42F1-8275-FE83CD66A443}.Release|x64.Build.0 = Release|x64
		{45D353B2-8F5C-42F1-8275-FE83CD66A443}.Release|x86.ActiveCfg = Release|Win32
		{45D353B2-8F5C-42F1-8275-FE83CD66A443}.Release|x86.Build.0 = Release|Win32
		{1B572444-1CD1-4089-89AE-10C1CEB8F3FB}.Debug|x64.ActiveCfg = Debug|x64
		{1B572444-1CD1-4089-89AE-10C1CEB8F3FB}.Debug|x64.Build.0 = Debug|x64
		{1B572444-1CD1-4089-89AE-10C1CEB8F3FB}.Debug|x86.ActiveCfg = Debug|Win32
		{1B572444-1CD1-4089-89AE-10C1CEB8F3FB}.Debug|x86.Build.0 = Debug|Win32
		{1B572444-1CD1-4089-89AE-10C1CEB8F3FB}.Release|x64.ActiveCfg = Release|x64
		{1B572444-1CD1-4089-89AE-10C1CEB8F3FB}.Release|x64.Build.0 = Release|x64
		{1B572444-1CD1-4089-89AE-10C1CEB8F3FB}.Release|x86.ActiveCfg = Release|Win32
		{1B572444-1CD1-4089-89AE-10C1CEB8F3FB}.Release|x86.Build.0 = Release|Win32
		{775F4FC7-1A79-4CCA-BE87-DE137FCFE218}.Debug|x64.ActiveCfg = Debug|x64
		{775F4FC7-1A79-4CCA-BE87-DE137FCFE218}.Debug|x64.Build.0 = Debug|x64
		{775F4FC7-1A79-4CCA-BE87-DE137FCFE218}.Debug|x86.ActiveCfg = Debug|Win32
		{775F4FC7-1A79-4CCA-BE87-DE137FCFE218}.Debug|x86.Build.0 = Debug|Win32
		{775F4FC7-1A79-4CCA-BE87-DE137FCFE218}.Release|x64.ActiveCfg = Release|x64
		{775F4FC7-1A79-4CCA-BE87-DE137FCFE218}.Release|x64.Build.0 = Release|x64
		{775F4FC7-1A79-4CCA-BE87-DE137FCFE218}.Release|x86.ActiveCfg = Release|Win32
		{775F4FC7-1A79-4CCA-BE87-DE137FCFE218}.Release|x86.Build.0 = Release|Win32
		{3AF4C72D-59DF-48D4-811F-B7A93C977AA9}.Debug|x64.ActiveCfg = Debug|x64
		{3AF4C72D-59DF-48D4-811F-B7A93C977AA9}.Debug|x64.Build.0 = Debug|x64
		{3AF4C72D-59DF-48D4-811F-B7A93C977AA9}.Debug|x86.ActiveCfg = Debug|Win32
		{3AF4C72D-59DF-48D4-811F-B7A93C977AA9}.Debug|x86.Build.0 = Debug|Win32
		{3AF4C72D-59DF-48D4-811F-B7A93C977AA9}.Release|x64.ActiveCfg = Release|x64
		{3AF4C72D-59DF-48D4-811F-B7A93C977AA9}.Release|x64.Build.0 = Release|x64
		{3AF4C72D-59DF-48D4-811F-B7A93C977AA9}.Release|x86.ActiveCfg = Release|Win32
		{3AF4C72D-59DF-48D4-811F-B7A93C977AA9}.Release|x86.Build.0 = Release|Win32
		{3C288F0C-8261-4981-B660-26F4E1881CA3}.Debug|x64.ActiveCfg = Debug|x64
		{3C288F0C-8261-4981-B660-26F4E1881CA3}.Debug|x64.Build.0 = Debug|x64
		{3C288F0C-8261-4981-B660-26F4E1881CA3}.Debug|x86.ActiveCfg = Debug|Win32
		{3C288F0C-8261-4981-B660-26F4E1881CA3}.Debug|x86.Build.0 = Debug|Win32
		{3C288F0C-8261-4981-B660-26F4E1881CA3}.Release|x64.ActiveCfg = Release|x64
		{3C288F0C-8261-4981-B660-26F4E1881CA3}.Release|x64.Build.0 = Release|x64
		{3C288F0C-8261-4981-B660-26F4E1881CA3}.Release|x86.ActiveCfg = Release|Win32
		{3C288F0C-8261-4981-B660-26F4E1881CA3}.Release|x86.Build.0 = Release|Win32
		{F5608E95-028F-4897-A431-FD9BDBC06035}.Debug|x64.ActiveCfg = Debug|x64
		{F5608E95-028F-4897-A431-FD9BDBC06035}.Debug|x64.Build.0 = Debug|x64
		{F5608E95-028F-4897-A431-FD9BDBC06035}.Debug|x86.ActiveCfg = Debug|Win32
		{F5608E95-028F-4897-A431-FD9BDBC06035}.Debug|x86.Build.0 = Debug|Win32
		{F5608E95-028F-4897-A431-FD9BDBC06035}.Release|x64.ActiveCfg = Release|x64
		{F5608E95-028F-4897-A431-FD9BDBC06035}.Release|x64.Build.0 = Release|x64
		{F5608E95-028F-4897-A431-FD9BDBC06035}.Release|x86.ActiveCfg = Release|Win32
		{F5608E95-028F-4897-A431-FD9BDBC06035}.Release|x86.Build.0 = Release|Win32
		{D7E03893-0513-4C0C-AEC1-4B92C77BC33F}.Debug|x64.ActiveCfg = Debug|x64
		{D7E03893-0513-4C0C-AEC1-4B92C77BC33F}.Debug|x64.Build.0 = Debug|x64
		{D7E03893-0513-4C0C-AEC1-4B92C77BC33F}.Debug|x86.ActiveCfg = Debug|Win32
		{D7E03893-0513-4C0C-AEC1-4B92C77BC33F}.Debug|x86.Build.0 = Debug|Win32
		{D7E03893-0513-4C0C-AEC1-4B92C77BC33F}.Release|x64.ActiveCfg = Release|x64
		{D7E03893-0513-4C0C-AEC1-4B92C77BC33F}.Release|x64.Build.0 = Release|x64
		{D7E03893-0513-4C0C-AEC1-4B92C77BC33F}.Release|x86.ActiveCfg = Release|Win32
		{D7E03893-0513-4C0C-AEC1-4B92C77BC33F}.Release|x86.Build.0 = Release|Win32
		{E0B52AE7-E160-4D32-BF3F-910B785E5A8E}.Debug|x64.ActiveCfg = Debug|x64
		{E0B52AE7-E160-4D32-BF3F-910B785E5A8E}.Debug|x64.Build.0 = Debug|x64
		{E0B52AE7-E160-4D32-BF3F-910B785E5A8E}.Debug|x86.ActiveCfg = Debug|Win32
		{E0B52AE7-E160-4D32-BF3F-910B785E5A8E}.Debug|x86.Build.0 = Debug|Win32
		{E0B52AE7-E160-4D32-BF3F-910B785E5A8E}.Release|x64.ActiveCfg = Release|x64
		{E0B52AE7-E160-4D32-BF3F-910B785E5A8E}.Release|x64.Build.0 = Release|x64
		{E0B52AE7-E160-4D32-BF3F-910B785E5A8E}.Release|x86.ActiveCfg = Release|Win32
		{E0B52AE7-E160-4D32-BF3F-910B785E5A8E}.Release|x86.Build.0 = Release|Win32
		{89404C33-D7C9-4026-894A-DEEA6A3DEE2E}.Debug|x64.ActiveCfg = Debug|x64
		{89404C33-D7C9-4026-894A-DEEA6A3DEE2E}.Debug|x64.Build.0 = Debug|x64
		{89404C33-D7C9-4026-894A-DEEA6A3DEE2E}.Debug|x86.ActiveCfg = Debug|Win32
		{89404C33-D7C9-4026-894A-DEEA6A3DEE2E}.Debug|x86.Build.0 = Debug|Win32
		{89404C33-D7C9-4026-894A-DEEA6A3DEE2E}.Release|x64.ActiveCfg = Release|x64
		{89404C33-D7C9-4026-894A-DEEA6A3DEE2E}.Release|x64.Build.0 = Release|x64
		{89404C33-D7C9-4026-894A-DEEA6A3DEE2E}.Release|x86.ActiveCfg = Release|Win32
		{89404C33-D7C9-4026-894A-DEEA6A3DEE2E}.Release|x86.Build.0 = Release|Win32
		{52D656A2-A2F4-4C54-A3C7-653427BED1E8}.Debug|x64.ActiveCfg = Debug|x64
		{52D656A2-A2F4-4C54-A3C7-653427BED1E8}.Debug|x64.Build.0 = Debug|x64
		{52D656A2-A2F4-4C54-A3C7-653427BED1E8}.Debug|x86.ActiveCfg = Debug|Win32
		{52D656A2-A2F4-4C54-A3C7-653427BED1E8}.Debug|x86.Build.0 = Debug|Win32
		{52D656A2-A2F4-4C54-A3C7-653427BED1E8}.Release|x64.ActiveCfg = Release|x64
		{52D656A2-A2F4-4C54-A3C7-653427BED1E8}.Release|x64.Build.0 = Release|x64
		{52D656A2-A2F4-4C54-A3C7-653427BED1E8}.Release|x86.ActiveCfg = Release|Win32
		{52D656A2-A2F4-4C54-A3C7-653427BED1E8}.Release|x86.Build.0 = Release|Win32
		{96A43C69-BAB4-4140-B5F5-9A66E8FDE049}.Debug|x64.ActiveCfg = Debug|x64
		{96A43C69-BAB4-4140-B5F5-9A66E8FDE049}.Debug|x64.Build.0 = Debug|x64
		{96A43C69-BAB4-4140-B5F5-9A66E8FDE049}.Debug|x86.ActiveCfg = Debug|Win32
		{96A43C69-BAB4-4140-B5F5-9A66E8FDE049}.Debug|x86.Build.0 = Debug|Win32
		{96A43C69-BAB4-4140-B5F5-9A66E8FDE049}.Release|x64.ActiveCfg = Release|x64
		{96A43C69-BAB4-4140-B5F5-9A66E8FDE049}.Release|x64.Build.0 = Release|x64
		{96A43C69-BAB4-4140-B5F5-9A66E8FDE049}.Release|x86.ActiveCfg = Release|Win32
		{96A43C69-BAB4-4140-B5F5-9A66E8FDE049}.Release|x86.Build.0 = Release|Win32
		{06D45AE0-C71F-4D2A-B9BC-942CE873B3AC}.Debug|x64.ActiveCfg = Debug|x64
		{06D45AE0-C71F-4D2A-B9BC-942CE873B3AC}.Debug|x64.Build.0 = Debug|x64
		{06D45AE0-C71F-4D2A-B9BC-942CE873B3AC}.Debug|x86.ActiveCfg = Debug|Win32
		{06D45AE0-C71F-4D2A-B9BC-942CE873B3AC}.Debug|x86.Build.0 = Debug|Win32
		{06D45AE0-C71F-4D2A-B9BC-942CE873B3AC}.Release|x64.ActiveCfg = Release|x64
		{06D45AE0-C71F-4D2A-B9BC-942CE873B3AC}.Release|x64.Build.0 = Release|x64
		{06D45AE0-C71F-4D2A-B9BC-942CE873B3AC}.Release|x86.ActiveCfg = Release|Win32
		{06D45AE0-C71F-4D2A-B9BC-942CE873B3AC}.Release|x86.Build.0 = Release|Win32
		{B62D0D1E-5038-4F1D-A50E-6046F9FAB2CC}.Debug|x64.ActiveCfg = Debug|x64
		{B62D0D1E-5038-4F1D-A50E-6046F9FAB2CC}.Debug|x64.Build.0 = Debug|x64
		{B62D0D1E-5038-4F1D-A50E-6046F9FAB2CC}.Debug|x86.ActiveCfg = Debug|Win32
		{B62D0D1E-5038-4F1D-A50E-6046F9FAB2CC}.Debug|x86.Build.0 = Debug|Win32
		{B62D0D1E-5038-4F1D-A50E-6046F9FAB2CC}.Release|x64.ActiveCfg = Release|x64
		{B62D0D1E-5038-4F1D-A50E-6046F9FAB2CC}.Release|x64.Build.0 = Release|x64
		{B62D0D1E-5038-4F1D-A50E-6046F9FAB2CC}.Release|x86.ActiveCfg = Release|Win32
		{B62D0D1E-5038-4F1D-A50E-6046F9FAB2CC}.Release|x86.Build.0 = Release|Win32
		{F298222B-DBAB-425C-82D0-12A655A8FCE6}.Debug|x64.ActiveCfg = Debug|x64
		{F298222B-DBAB-425C-82D0-12A655A8FCE6}.Debug|x64.Build.0 = Debug|x64
		{F298222B-DBAB-425C-82D0-12A655A8FCE6}.Debug|x86.ActiveCfg = Debug|Win32
		{F298222B-DBAB-425C-82D0-12A655A8FCE6}.Debug|x86.Build.0 = Debug|Win32
		{F298222B-DBAB-425C-82D0-12A655A8FCE6}.Release|x64.ActiveCfg = Release|x64
		{F298222B-DBAB-425C-82D0-12A655A8FCE6}.Release|x64.Build.0 = Release|x64
		{F298222B-DBAB-425C-82D0-12A655A8FCE6}.Release|x86.ActiveCfg = Release|Win32
		{F298222B-DBAB-425C-82D0-12A655A8FCE6}.Release|x86.Build.0 = Release|Win32
		{378DF318-F438-4473-A874-33AE9B0E2CD4}.Debug|x64.ActiveCfg = Debug|x64
		{378DF318-F438-4473-A874-33AE9B0E2CD4}.Debug|x64.Build.0 = Debug|x64
		{378DF318-F438-4473-A874-33AE9B0E2CD4}.Debug|x86.ActiveCfg = Debug|Win32
		{378DF318-F438-4473-A874-33AE9B0E2CD4}.Debug|x86.Build.0 = Debug|Win32
		{378DF318-F438-4473-A874-33AE9B0E2CD4}.Release|x64.ActiveCfg = Release|x64
		{378DF318-F438-4473-A874-33AE9B0E2CD4}.Release|x64.Build.0 = Release|x64
		{378DF318-F438-4473-A874-33AE9B0E2CD4}.Release|x86.ActiveCfg = Release|Win32
		{378DF318-F438-4473-A874-33AE9B0E2CD4}.Release|x86.Build.0 = Release|Win32
		{AB2D2476-09F2-4E9B-8358-F97DE04BBE2E}.Debug|x64.ActiveCfg = Debug|x64
		{AB2D2476-09F2-4E9B-8358-F97DE04BBE2E}.Debug|x64.Build.0 = Debug|x64
		{AB2D2476-09F2-4E9B-8358-F97DE04BBE2E}.Debug|x86.ActiveCfg = Debug|Win32
		{AB2D2476-09F2-4E9B-8358-F97DE04BBE2E}.Debug|x86.Build.0 = Debug|Win32
		{AB2D2476-09F2-4E9B-8358-F97DE04BBE2E}.Release|x64.ActiveCfg = Release|x64
		{AB2D2476-09F2-4E9B-8358-F97DE04BBE2E}.Release|x64.Build.0 = Release|x64
		{AB2D2476-09F2-4E9B-8358-F97DE04BBE2E}.Release|x86.ActiveCfg = Release|Win32
		{AB2D2476-09F2-4E9B-8358-F97DE04BBE2E}.Release|x86.Build.0 = Release|Win32
		{899212F1-0C10-486C-85CB-0DD9CC7EEA4F}.Debug|x64.ActiveCfg = Debug|x64
		{899212F1-0C10-486C-85CB-0DD9CC7EEA4F}.Debug|x64.Build.0 = Debug|x64
		{899212F1-0C10-486C-85CB-0DD9CC7EEA4F}.Debug|x86.ActiveCfg = Debug|Win32
		{899212F1-0C10-486C-85CB-0DD9CC7EEA4F}.Debug|x86.Build.0 = Debug|Win32
		{899212F1-0C10-486C-85CB-0DD9CC7EEA4F}.Release|x64.ActiveCfg = Release|x64
		{899212F1-0C10-486C-85CB-0DD9CC7EEA4F}.Release|x64.Build.0 = Release|x64
		{899212F1-0C10-486C-85CB-0DD9CC7EEA4F}.Release|x86.ActiveCfg = Release|Win32
		{899212F1-0C10-486C-85CB-0DD9CC7EEA4F}.Release|x86.Build.0 = Release|Win32
		{93206EBF-122A-40B3-9A9D-1CD85F6BFCED}.Debug|x64.ActiveCfg = Debug|x64
		{93206EBF-122A-40B3-9A9D-1CD85F6BFCED}.Debug|x64.Build.0 = Debug|x64
		{93206EBF-122A-40B3-9A9D-1CD85F6BFCED}.Debug|x86.ActiveCfg = Debug|Win32
		{93206EBF-122A-40B3-9A9D-1CD85F6BFCED}.Debug|x86.Build.0 = Debug|Win32
		{93206EBF-122A-40B3-9A9D-1CD85F6BFCED}.Release|x64.ActiveCfg = Release|x64
		{93206EBF-122A-40B3-9A9D-1CD85F6BFCED}.Release|x64.Build.0 = Release|x64
		{93206EBF-122A-40B3-9A9D-1CD85F6BFCED}.Release|x86.ActiveCfg = Release|Win32
		{93206EBF-122A-40B3-9A9D-1CD85F6BFCED}.Release|x86.Build.0 = Release|Win32
		{C0AA5BA2-38CE-4B17-A619-F30B68D6F592}.Debug|x64.ActiveCfg = Debug|x64
		{C0AA5BA2-38CE-4B17-A619-F30B68D6F592}.Debug|x64.Build.0 = Debug|x64
		{C0AA5BA2-38CE-4B17-A619-F30B68D6F592}.Debug|x86.ActiveCfg = Debug|Win32
		{C0AA5BA2-38CE-4B17-A619-F30B68D6F592}.Debug|x86.Build.0 = Debug|Win32
		{C0AA5BA2-38CE-4B17-A619-F30B68D6F592}.Release|x64.ActiveCfg = Release|x64
		{C0AA5BA2-38CE-4B17-A619-F30B68D6F592}.Release|x64.Build.0 = Release|x64
		{C0AA5BA2-38CE-4B17-A619-F30B68D6F592}.Release|x86.ActiveCfg = Release|Win32
		{C0AA5BA2-38CE-4B17-A619-F30B68D6F592}.Release|x86.Build.0 = Release|Win32
		{5072446C-9BCB-472F-B55B-4747EA8F444B}.Debug|x64.ActiveCfg = Debug|x64
		{5072446C-9BCB-472F-B55B-4747EA8F444B}.Debug|x64.Build.0 = Debug|x64
		{5072446C-9BCB-472F-B55B-4747EA8F444B}.Debug|x86.ActiveCfg = Debug|Win32
		{5072446C-9BCB-472F-B55B-4747EA8F444B}.Debug|x86.Build.0 = Debug|Win32
		{5072446C-9BCB-472F-B55B-4747EA8F444B}.Release|x64.ActiveCfg = Release|x64
		{5072446C-9BCB-472F-B55B-4747EA8F444B}.Release|x64.Build.0 = Release|x64
		{5072446C-9BCB-472F-B55B-4747EA8F444B}.Release|x86.ActiveCfg = Release|Win32
		{5072446C-9BCB-472F-B55B-4747EA8F444B}.Release|x86.Build.0 = Release|Win32
		{F581FA2C-7DB2-48E8-9B1B-5924D7D8DC6A}.Debug|x64.ActiveCfg = Debug|x64
		{F581FA2C-7DB2-48E8-9B1B-5924D7D8DC6A}.Debug|x64.Build.0 = Debug|x64
		{F581FA2C-7DB2-48E8-9B1B-5924D7D8DC6A}.Debug|x86.ActiveCfg = Debug|Win32
		{F581FA2C-7DB2-48E8-9B1B-5924D7D8DC6A}.Debug|x86.Build.0 = Debug|Win32
		{F581FA2C-7DB2-48E8-9B1B-5924D7D8DC6A}.Release|x64.ActiveCfg = Release|x64
		{F581FA2C-7DB2-48E8-9B1B-5924D7D8DC6A}.Release|x64.Build.0 = Release|x64
		{F581FA2C-7DB2-48E8-9B1B-5924D7D8DC6A}.Release|x86.ActiveCfg = Release|Win32
		{F581FA2C-7DB2-48E8-9B1B-5924D7D8DC6A}.Release|x86.Build.0 = Release|Win32
		{C6C20084-BB41-4173-8FC9-7B7F4C6F0657}.Debug|x64.ActiveCfg = Debug|x64
		{C6C20084-BB41-4173-8FC9-7B7F4C6F0657}.Debug|x64.Build.0 = Debug|x64
		{C6C20084-BB41-4173-8FC9-7B7F4C6F0657}.Debug|x86.ActiveCfg = Debug|Win32
		{C6C20084-BB41-4173-8FC9-7B7F4C6F0657}.Debug|x86.Build.0 = Debug|Win32
		{C6C20084-BB41-4173-8FC9-7B7F4C6F0657}.Release|x64.ActiveCfg = Release|x64
		{C6C20084-BB41-4173-8FC9-7B7F4C6F0657}.Release|x64.Build.0 = Release|x64
		{C6C20084-BB41-4173-8FC9-7B7F4C6F0657}.Release|x86.ActiveCfg = Release|Win32
		{C6C20084-BB41-4173-8FC9-7B7F4C6F0657}.Release|x86.Build.0 = Release|Win32
		{516192EB-788A-4FE7-B2B7-2EF9AC036B12}.Debug|x64.ActiveCfg = Debug|x64
		{516192EB-788A-4FE7-B2B7-2EF9AC036B12}.Debug|x64.Build.0 = Debug|x64
		{516192EB-788A-4FE7-B2B7-2EF9AC036B12}.Debug|x86.ActiveCfg = Debug|Win32
		{516192EB-788A-4FE7-B2B7-2EF9AC036B12}.Debug|x86.Build.0 = Debug|Win32
		{516192EB-788A-4FE7-B2B7-2EF9AC036B12}.Release|x64.ActiveCfg = Release|x64
		{516192EB-788A-4FE7-B2B7-2EF9AC036B12}.Release|x64.Build.0 = Release|x64
		{516192EB-788A-4FE7-B2B7-2EF9AC036B12}.Release|x86.ActiveCfg = Release|Win32
		{516192EB-788A-4FE7-B2B7-2EF9AC036B12}.Release|x86.Build.0 = Release|Win32
		{63A2AA39-EB90-479E-983D-AB560E0D85E8}.Debug|x64.ActiveCfg = Debug|x64
		{63A2AA39-EB90-479E-983D-AB560E0D85E8}.Debug|x64.Build.0 = Debug|x64
		{63A2AA39-EB90-479E-983D-AB560E0D85E8}.Debug|x86.ActiveCfg = Debug|Win32
		{63A2AA39-EB90-479E-983D-AB560E0D85E8}.Debug|x86.Build.0 = Debug|Win32
		{63A2AA39-EB90-479E-983D-AB560E0D85E8}.Release|x64.ActiveCfg = Release|x64
		{63A2AA39-EB90-479E-983D-AB560E0D85E8}.Release|x64.Build.0 = Release|x64
		{63A2AA39-EB90-479E-983D-AB560E0D85E8}.Release|x86.ActiveCfg = Release|Win32
		{63A2AA39-EB90-479E-983D-AB560E0D85E8}.Release|x86.Build.0 = Release|Win32
		{67E8ABF9-B224-48AD-9DDE-7D5B9ECB0B35}.Debug|x64.ActiveCfg = Debug|x64
		{67E8ABF9-B224-48AD-9DDE-7D5B9ECB0B35}.Debug|x64.Build.0 = Debug|x64
		{67E8ABF9-B224-48AD-9DDE-7D5B9ECB0B35}.Debug|x86.ActiveCfg = Debug|Win32
		{67E8ABF9-B224-48AD-9DDE-7D5B9ECB0B35}.Debug|x86.Build.0 = Debug|Win32
		{67E8ABF9-B224-48AD-9DDE-7D5B9ECB0B35}.Release|x64.ActiveCfg = Release|x64
		{67E8ABF9-B224-48AD-9DDE-7D5B9ECB0B35}.Release|x64.Build.0 = Release|x64
		{67E8ABF9-B224-48AD-9DDE-7D5B9ECB0B35}.Release|x86.ActiveCfg = Release|Win32
		{67E8ABF9-B224-48AD-9DDE-7D5B9ECB0B35}.Release|x86.Build.0 = Release|Win32
		{ACB34193-C667-47A3-8E26-717B24532A03}.Debug|x64.ActiveCfg = Debug|x64
		{ACB34193-C667-47A3-8E26-717B24532A03}.Debug|x64.Build.0 = Debug|x64
		{ACB34193-C667-47A3-8E26-717B24532A03}.Debug|x86.ActiveCfg = Debug|Win32
		{ACB34193-C667-47A3-8E26-717B24532A03}.Debug|x86.Build.0 = Debug|Win32
		{ACB34193-C667-47A3-8E26-717B24532A03}.Release|x64.ActiveCfg = Release|x64
		{ACB34193-C667-47A3-8E26-717B24532A03}.Release|x64.Build.0 = Release|x64
		{ACB34193-C667-47A3-8E26-717B24532A03}.Release|x86.ActiveCfg = Release|Win32
		{ACB34193-C667-47A3-8E26-717B24532A03}.Release|x86.Build.0 = Release|Win32
		{0D3BA0A4-3294-45D4-ABAC-A1AC6E9341E3}.Debug|x64.ActiveCfg = Debug|x64
		{0D3BA0A4-3294-45D4-ABAC-A1AC6E9341E3}.Debug|x64.Build.0 = Debug|x64
		{0D3BA0A4-3294-45D4-ABAC-A1AC6E9341E3}.Debug|x86.ActiveCfg = Debug|Win32
		{0D3BA0A4-3294-45D4-ABAC-A1AC6E9341E3}.Debug|x86.Build.0 = Debug|Win32
		{0D3BA0A4-3294-45D4-ABAC-A1AC6E9341E3}.Release|x64.ActiveCfg = Release|x64
		{0D3BA0A4-3294-45D4-ABAC-A1AC6E9341E3}.Release|x64.Build.0 = Release|x64
		{0D3BA0A4-3294-45D4-ABAC-A1AC6E9341E3}.Release|x86.ActiveCfg = Release|Win32
		{0D3BA0A4-3294-45D4-ABAC-A1AC6E9341E3}.Release|x86.Build.0 = Release|Win32
		{FFB06A99-4CBF-4112-ADC4-C1084473C86D}.Debug|x64.ActiveCfg = Debug|x64
		{FFB06A99-4CBF-4112-ADC4-C1084473C86D}.Debug|x64.Build.0 = Debug|x64
		{FFB06A99-4CBF-4112-ADC4-C1084473C86D}.Debug|x86.ActiveCfg = Debug|Win32
		{FFB06A99-4CBF-4112-ADC4-C1084473C86D}.Debug|x86.Build.0 = Debug|Win32
		{FFB06A99-4CBF-4112-ADC4-C1084473C86D}.Release|x64.ActiveCfg = Release|x64
		{FFB06A99-4CBF-4112-ADC4-C1084473C86D}.Release|x64.Build.0 = Release|x64
		{FFB06A99-4CBF-4112-ADC4-C1084473C86D}.Release|x86.ActiveCfg = Release|Win32
		{FFB06A99-4CBF-4112-ADC4-C1084473C86D}.Release|x86.Build.0 = Release|Win32
	EndGlobalSection
	GlobalSection(SolutionProperties) = preSolution
		HideSolutionNode = FALSE
	EndGlobalSection
	GlobalSection(NestedProjects) = preSolution
		{D24DDC53-9A5D-41B6-BDE0-3657E0762058} = {61948FAA-D072-475A-84DF-2829D3273F60}
		{3629F01A-6FED-42EB-B308-E9F7F1346EAF} = {61948FAA-D072-475A-84DF-2829D3273F60}
		{4E8C6125-F681-4735-B2D4-EB5CEBA61B57} = {61948FAA-D072-475A-84DF-2829D3273F60}
		{DC3CC62C-99A6-4D8C-A3A4-4CEB2AC72854} = {61948FAA-D072-475A-84DF-2829D3273F60}
		{45D353B2-8F5C-42F1-8275-FE83CD66A443} = {6FBEC151-C0C2-4F20-A207-E03EF28FF495}
		{1B572444-1CD1-4089-89AE-10C1CEB8F3FB} = {D83FB1B6-3035-4BAA-B368-60680853F330}
		{775F4FC7-1A79-4CCA-BE87-DE137FCFE218} = {6FBEC151-C0C2-4F20-A207-E03EF28FF495}
		{3AF4C72D-59DF-48D4-811F-B7A93C977AA9} = {6FBEC151-C0C2-4F20-A207-E03EF28FF495}
		{3C288F0C-8261-4981-B660-26F4E1881CA3} = {6FBEC151-C0C2-4F20-A207-E03EF28FF495}
		{F5608E95-028F-4897-A431-FD9BDBC06035} = {6FBEC151-C0C2-4F20-A207-E03EF28FF495}
		{8ED6EEBB-FA48-4187-914B-3B482C99A2D5} = {A00DCE90-84B7-4F9C-8431-850600A737FD}
		{502BAE57-92C2-4288-B9FF-5FA9BA2F9BF8} = {A00DCE90-84B7-4F9C-8431-850600A737FD}
		{D7E03893-0513-4C0C-AEC1-4B92C77BC33F} = {6FBEC151-C0C2-4F20-A207-E03EF28FF495}
		{E0B52AE7-E160-4D32-BF3F-910B785E5A8E} = {F277303F-62A6-4EC3-A9EA-273E589B6DBF}
		{89404C33-D7C9-4026-894A-DEEA6A3DEE2E} = {6FBEC151-C0C2-4F20-A207-E03EF28FF495}
		{52D656A2-A2F4-4C54-A3C7-653427BED1E8} = {F277303F-62A6-4EC3-A9EA-273E589B6DBF}
		{96A43C69-BAB4-4140-B5F5-9A66E8FDE049} = {AFC3A0DB-9C9F-495D-B893-D057271AF197}
		{06D45AE0-C71F-4D2A-B9BC-942CE873B3AC} = {50B8CF01-9A67-4267-ABFF-E911816DFE46}
		{B62D0D1E-5038-4F1D-A50E-6046F9FAB2CC} = {AFC3A0DB-9C9F-495D-B893-D057271AF197}
		{F298222B-DBAB-425C-82D0-12A655A8FCE6} = {AFC3A0DB-9C9F-495D-B893-D057271AF197}
		{378DF318-F438-4473-A874-33AE9B0E2CD4} = {AFC3A0DB-9C9F-495D-B893-D057271AF197}
		{AB2D2476-09F2-4E9B-8358-F97DE04BBE2E} = {AFC3A0DB-9C9F-495D-B893-D057271AF197}
		{899212F1-0C10-486C-85CB-0DD9CC7EEA4F} = {AFC3A0DB-9C9F-495D-B893-D057271AF197}
		{93206EBF-122A-40B3-9A9D-1CD85F6BFCED} = {AFC3A0DB-9C9F-495D-B893-D057271AF197}
		{C0AA5BA2-38CE-4B17-A619-F30B68D6F592} = {6FBBD8B3-F4BD-484B-9AEE-DF1F3F1B1598}
		{5072446C-9BCB-472F-B55B-4747EA8F444B} = {6FBBD8B3-F4BD-484B-9AEE-DF1F3F1B1598}
		{F581FA2C-7DB2-48E8-9B1B-5924D7D8DC6A} = {6FBBD8B3-F4BD-484B-9AEE-DF1F3F1B1598}
		{C6C20084-BB41-4173-8FC9-7B7F4C6F0657} = {6FBBD8B3-F4BD-484B-9AEE-DF1F3F1B1598}
		{516192EB-788A-4FE7-B2B7-2EF9AC036B12} = {F277303F-62A6-4EC3-A9EA-273E589B6DBF}
		{63A2AA39-EB90-479E-983D-AB560E0D85E8} = {61948FAA-D072-475A-84DF-2829D3273F60}
		{67E8ABF9-B224-48AD-9DDE-7D5B9ECB0B35} = {6FBBD8B3-F4BD-484B-9AEE-DF1F3F1B1598}
		{ACB34193-C667-47A3-8E26-717B24532A03} = {6FBBD8B3-F4BD-484B-9AEE-DF1F3F1B1598}
		{0D3BA0A4-3294-45D4-ABAC-A1AC6E9341E3} = {6FBBD8B3-F4BD-484B-9AEE-DF1F3F1B1598}
		{FFB06A99-4CBF-4112-ADC4-C1084473C86D} = {6FBBD8B3-F4BD-484B-9AEE-DF1F3F1B1598}
	EndGlobalSection
	GlobalSection(ExtensibilityGlobals) = postSolution
		SolutionGuid = {010E0B6F-B2FD-4AD9-A2B3-9FF364F73B7A}
	EndGlobalSection
EndGlobal
